github.com/hashicorp/errwrap v1.0.0/go.mod h1:YH+1FKiLXxHSkmPseP+kNlulaMuP3n2brvKWEqk/Jc4=
github.com/hashicorp/errwrap v1.1.0 h1:OxrOeh75EUXMY8TBjag2fzXGZ40LB6IKw45YeGUDY2I=
github.com/hashicorp/errwrap v1.1.0/go.mod h1:YH+1FKiLXxHSkmPseP+kNlulaMuP3n2brvKWEqk/Jc4=
github.com/logrusorgru/aurora v2.0.3+incompatible h1:tOpm7WcpBTn4fjmVfgpQq0EfczGlG91VSDkswnjF5A8=
github.com/logrusorgru/aurora v2.0.3+incompatible/go.mod h1:7rIyQOR62GCctdiQpZ/zOJlFyk6y+94wXzv6RNZgaR4=
github.com/oklog/run v1.1.0 h1:GEenZ1cK0+q0+wsJew9qUg/DyD8k3JzYsZAi5gYi2mA=
github.com/oklog/run v1.1.0/go.mod h1:sVPdnTZT1zYwAJeCMu2Th4T21pA3FPOQRfWjQlk7DVU=
github.com/spf13/pflag v1.0.5 h1:iy+VFUOCP1a+8yFto/drg2CJ5u0yRoB7fZw3DKv/JXA=
github.com/spf13/pflag v1.0.5/go.mod h1:McXfInJRrz4CZXVZOBLb0bTZqETkiAhM9Iw0y3An2Bg=
github.com/tetratelabs/multierror v1.1.0 h1:cKmV/Pbf42K5wp8glxa2YIausbxIraPN8fzru9Pn1Cg=
github.com/tetratelabs/multierror v1.1.0/go.mod h1:kH3SzI/z+FwEbV9bxQDx4GiIgE2djuyb8wiB2DaUBnY=
github.com/tetratelabs/run v0.1.0 h1:8XwkuD4oz13FwW1EwaPfFb65fyn86u5/kuFEsAerbDg=
github.com/tetratelabs/run v0.1.0/go.mod h1:fhjT5Vs96raNf1CgCEcKKO6eM/AHAZY+XA1EqSslLRY=
github.com/tetratelabs/telemetry v0.1.0/go.mod h1:0ML85UszIK/NTN/DgA8DtpWA3iPSri02KmG7CExVOdk=
github.com/tetratelabs/telemetry v0.4.0 h1:U5mH4Gojk5+4fXts+V0eOb+USwgezhTpslEmgP8EUxA=
github.com/tetratelabs/telemetry v0.4.0/go.mod h1:jDUcf1A2u4F5V1io5RdipM/bKz/hFCsx/RAgGopC37s=
